
Microsoft Visual Studio Solution File, Format Version 12.00
# Visual Studio Version 16
VisualStudioVersion = 16.0.30011.22
MinimumVisualStudioVersion = 10.0.40219.1
Project("{FAE04EC0-301F-11D3-BF4B-00C04F79EFBC}") = "WebformsPOCDemo", "WebformsPOCDemo\WebformsPOCDemo.csproj", "{EC8DC771-7B4F-4A2A-95BD-A76E1B61CFD7}"
EndProject
Project("{FAE04EC0-301F-11D3-BF4B-00C04F79EFBC}") = "TimeLineDashboard_BLL", "TimeLineDashboard_BLL\TimeLineDashboard_BLL.csproj", "{0DBC84D4-457A-43CD-8B3A-3495A85C9ED9}"
EndProject
Project("{FAE04EC0-301F-11D3-BF4B-00C04F79EFBC}") = "TimeLineDashboard_DAL", "TimeLineDashboard_DAL\TimeLineDashboard_DAL.csproj", "{E62103ED-5A09-4E2F-BD1E-3DA1C3401708}"
EndProject
Project("{FAE04EC0-301F-11D3-BF4B-00C04F79EFBC}") = "TimeLineDashboard_Shared", "TimeLineDashboard_Shared\TimeLineDashboard_Shared.csproj", "{79FB351A-9FF8-4C18-8D3A-DFF3BDF4381D}"
EndProject
Global
	GlobalSection(SolutionConfigurationPlatforms) = preSolution
		Debug|Any CPU = Debug|Any CPU
		Release|Any CPU = Release|Any CPU
	EndGlobalSection
	GlobalSection(ProjectConfigurationPlatforms) = postSolution
		{EC8DC771-7B4F-4A2A-95BD-A76E1B61CFD7}.Debug|Any CPU.ActiveCfg = Debug|Any CPU
		{EC8DC771-7B4F-4A2A-95BD-A76E1B61CFD7}.Debug|Any CPU.Build.0 = Debug|Any CPU
		{EC8DC771-7B4F-4A2A-95BD-A76E1B61CFD7}.Release|Any CPU.ActiveCfg = Release|Any CPU
		{EC8DC771-7B4F-4A2A-95BD-A76E1B61CFD7}.Release|Any CPU.Build.0 = Release|Any CPU
		{0DBC84D4-457A-43CD-8B3A-3495A85C9ED9}.Debug|Any CPU.ActiveCfg = Debug|Any CPU
		{0DBC84D4-457A-43CD-8B3A-3495A85C9ED9}.Debug|Any CPU.Build.0 = Debug|Any CPU
		{0DBC84D4-457A-43CD-8B3A-3495A85C9ED9}.Release|Any CPU.ActiveCfg = Release|Any CPU
		{0DBC84D4-457A-43CD-8B3A-3495A85C9ED9}.Release|Any CPU.Build.0 = Release|Any CPU
		{E62103ED-5A09-4E2F-BD1E-3DA1C3401708}.Debug|Any CPU.ActiveCfg = Debug|Any CPU
		{E62103ED-5A09-4E2F-BD1E-3DA1C3401708}.Debug|Any CPU.Build.0 = Debug|Any CPU
		{E62103ED-5A09-4E2F-BD1E-3DA1C3401708}.Release|Any CPU.ActiveCfg = Release|Any CPU
		{E62103ED-5A09-4E2F-BD1E-3DA1C3401708}.Release|Any CPU.Build.0 = Release|Any CPU
		{79FB351A-9FF8-4C18-8D3A-DFF3BDF4381D}.Debug|Any CPU.ActiveCfg = Debug|Any CPU
		{79FB351A-9FF8-4C18-8D3A-DFF3BDF4381D}.Debug|Any CPU.Build.0 = Debug|Any CPU
		{79FB351A-9FF8-4C18-8D3A-DFF3BDF4381D}.Release|Any CPU.ActiveCfg = Release|Any CPU
		{79FB351A-9FF8-4C18-8D3A-DFF3BDF4381D}.Release|Any CPU.Build.0 = Release|Any CPU
	EndGlobalSection
	GlobalSection(SolutionProperties) = preSolution
		HideSolutionNode = FALSE
	EndGlobalSection
	GlobalSection(ExtensibilityGlobals) = postSolution
		SolutionGuid = {A8812250-5119-428A-AF7B-BCDE8403D22E}
	EndGlobalSection
EndGlobal
